// !$*UTF8*$!
{
	archiveVersion = 1;
	classes = {
	};
	objectVersion = 50;
	objects = {

/* Begin PBXBuildFile section */
		E682D721257CE337008A69D2 /* EditTaskView.swift in Sources */ = {isa = PBXBuildFile; fileRef = E682D720257CE337008A69D2 /* EditTaskView.swift */; };
		E6DDF1E925786B210062B564 /* Project_productivityApp.swift in Sources */ = {isa = PBXBuildFile; fileRef = E6DDF1E825786B210062B564 /* Project_productivityApp.swift */; };
		E6DDF1EB25786B210062B564 /* ContentView.swift in Sources */ = {isa = PBXBuildFile; fileRef = E6DDF1EA25786B210062B564 /* ContentView.swift */; };
		E6DDF1ED25786B220062B564 /* Assets.xcassets in Resources */ = {isa = PBXBuildFile; fileRef = E6DDF1EC25786B220062B564 /* Assets.xcassets */; };
		E6DDF1F025786B220062B564 /* Preview Assets.xcassets in Resources */ = {isa = PBXBuildFile; fileRef = E6DDF1EF25786B220062B564 /* Preview Assets.xcassets */; };
		E6DDF1FB25786B220062B564 /* Project_productivityTests.swift in Sources */ = {isa = PBXBuildFile; fileRef = E6DDF1FA25786B220062B564 /* Project_productivityTests.swift */; };
		E6DDF20625786B220062B564 /* Project_productivityUITests.swift in Sources */ = {isa = PBXBuildFile; fileRef = E6DDF20525786B220062B564 /* Project_productivityUITests.swift */; };
		E6DDF21725788F370062B564 /* TaskView.swift in Sources */ = {isa = PBXBuildFile; fileRef = E6DDF21625788F370062B564 /* TaskView.swift */; };
		E6DDF21F25788FBF0062B564 /* MakeTaskView.swift in Sources */ = {isa = PBXBuildFile; fileRef = E6DDF21E25788FBF0062B564 /* MakeTaskView.swift */; };
		E6DDF22C257895570062B564 /* Task.swift in Sources */ = {isa = PBXBuildFile; fileRef = E6DDF22B257895570062B564 /* Task.swift */; };
/* End PBXBuildFile section */

/* Begin PBXContainerItemProxy section */
		E6DDF1F725786B220062B564 /* PBXContainerItemProxy */ = {
			isa = PBXContainerItemProxy;
			containerPortal = E6DDF1DD25786B210062B564 /* Project object */;
			proxyType = 1;
			remoteGlobalIDString = E6DDF1E425786B210062B564;
			remoteInfo = "Project productivity";
		};
		E6DDF20225786B220062B564 /* PBXContainerItemProxy */ = {
			isa = PBXContainerItemProxy;
			containerPortal = E6DDF1DD25786B210062B564 /* Project object */;
			proxyType = 1;
			remoteGlobalIDString = E6DDF1E425786B210062B564;
			remoteInfo = "Project productivity";
		};
/* End PBXContainerItemProxy section */

/* Begin PBXFileReference section */
		E682D720257CE337008A69D2 /* EditTaskView.swift */ = {isa = PBXFileReference; lastKnownFileType = sourcecode.swift; path = EditTaskView.swift; sourceTree = "<group>"; };
		E6DDF1E525786B210062B564 /* Project productivity.app */ = {isa = PBXFileReference; explicitFileType = wrapper.application; includeInIndex = 0; path = "Project productivity.app"; sourceTree = BUILT_PRODUCTS_DIR; };
		E6DDF1E825786B210062B564 /* Project_productivityApp.swift */ = {isa = PBXFileReference; lastKnownFileType = sourcecode.swift; path = Project_productivityApp.swift; sourceTree = "<group>"; };
		E6DDF1EA25786B210062B564 /* ContentView.swift */ = {isa = PBXFileReference; lastKnownFileType = sourcecode.swift; path = ContentView.swift; sourceTree = "<group>"; };
		E6DDF1EC25786B220062B564 /* Assets.xcassets */ = {isa = PBXFileReference; lastKnownFileType = folder.assetcatalog; path = Assets.xcassets; sourceTree = "<group>"; };
		E6DDF1EF25786B220062B564 /* Preview Assets.xcassets */ = {isa = PBXFileReference; lastKnownFileType = folder.assetcatalog; path = "Preview Assets.xcassets"; sourceTree = "<group>"; };
		E6DDF1F125786B220062B564 /* Info.plist */ = {isa = PBXFileReference; lastKnownFileType = text.plist.xml; path = Info.plist; sourceTree = "<group>"; };
		E6DDF1F625786B220062B564 /* Project productivityTests.xctest */ = {isa = PBXFileReference; explicitFileType = wrapper.cfbundle; includeInIndex = 0; path = "Project productivityTests.xctest"; sourceTree = BUILT_PRODUCTS_DIR; };
		E6DDF1FA25786B220062B564 /* Project_productivityTests.swift */ = {isa = PBXFileReference; lastKnownFileType = sourcecode.swift; path = Project_productivityTests.swift; sourceTree = "<group>"; };
		E6DDF1FC25786B220062B564 /* Info.plist */ = {isa = PBXFileReference; lastKnownFileType = text.plist.xml; path = Info.plist; sourceTree = "<group>"; };
		E6DDF20125786B220062B564 /* Project productivityUITests.xctest */ = {isa = PBXFileReference; explicitFileType = wrapper.cfbundle; includeInIndex = 0; path = "Project productivityUITests.xctest"; sourceTree = BUILT_PRODUCTS_DIR; };
		E6DDF20525786B220062B564 /* Project_productivityUITests.swift */ = {isa = PBXFileReference; lastKnownFileType = sourcecode.swift; path = Project_productivityUITests.swift; sourceTree = "<group>"; };
		E6DDF20725786B220062B564 /* Info.plist */ = {isa = PBXFileReference; lastKnownFileType = text.plist.xml; path = Info.plist; sourceTree = "<group>"; };
		E6DDF21625788F370062B564 /* TaskView.swift */ = {isa = PBXFileReference; lastKnownFileType = sourcecode.swift; path = TaskView.swift; sourceTree = "<group>"; };
		E6DDF21E25788FBF0062B564 /* MakeTaskView.swift */ = {isa = PBXFileReference; lastKnownFileType = sourcecode.swift; path = MakeTaskView.swift; sourceTree = "<group>"; };
		E6DDF22B257895570062B564 /* Task.swift */ = {isa = PBXFileReference; lastKnownFileType = sourcecode.swift; path = Task.swift; sourceTree = "<group>"; };
/* End PBXFileReference section */

/* Begin PBXFrameworksBuildPhase section */
		E6DDF1E225786B210062B564 /* Frameworks */ = {
			isa = PBXFrameworksBuildPhase;
			buildActionMask = 2147483647;
			files = (
			);
			runOnlyForDeploymentPostprocessing = 0;
		};
		E6DDF1F325786B220062B564 /* Frameworks */ = {
			isa = PBXFrameworksBuildPhase;
			buildActionMask = 2147483647;
			files = (
			);
			runOnlyForDeploymentPostprocessing = 0;
		};
		E6DDF1FE25786B220062B564 /* Frameworks */ = {
			isa = PBXFrameworksBuildPhase;
			buildActionMask = 2147483647;
			files = (
			);
			runOnlyForDeploymentPostprocessing = 0;
		};
/* End PBXFrameworksBuildPhase section */

/* Begin PBXGroup section */
		E6DDF1DC25786B210062B564 = {
			isa = PBXGroup;
			children = (
				E6DDF1E725786B210062B564 /* Project productivity */,
				E6DDF1F925786B220062B564 /* Project productivityTests */,
				E6DDF20425786B220062B564 /* Project productivityUITests */,
				E6DDF1E625786B210062B564 /* Products */,
			);
			sourceTree = "<group>";
		};
		E6DDF1E625786B210062B564 /* Products */ = {
			isa = PBXGroup;
			children = (
				E6DDF1E525786B210062B564 /* Project productivity.app */,
				E6DDF1F625786B220062B564 /* Project productivityTests.xctest */,
				E6DDF20125786B220062B564 /* Project productivityUITests.xctest */,
			);
			name = Products;
			sourceTree = "<group>";
		};
		E6DDF1E725786B210062B564 /* Project productivity */ = {
			isa = PBXGroup;
			children = (
				E6DDF22325788FE40062B564 /* Views */,
				E6DDF2242578905A0062B564 /* Model */,
				E6DDF1E825786B210062B564 /* Project_productivityApp.swift */,
				E6DDF1EC25786B220062B564 /* Assets.xcassets */,
				E6DDF1F125786B220062B564 /* Info.plist */,
				E6DDF1EE25786B220062B564 /* Preview Content */,
			);
			path = "Project productivity";
			sourceTree = "<group>";
		};
		E6DDF1EE25786B220062B564 /* Preview Content */ = {
			isa = PBXGroup;
			children = (
				E6DDF1EF25786B220062B564 /* Preview Assets.xcassets */,
			);
			path = "Preview Content";
			sourceTree = "<group>";
		};
		E6DDF1F925786B220062B564 /* Project productivityTests */ = {
			isa = PBXGroup;
			children = (
				E6DDF1FA25786B220062B564 /* Project_productivityTests.swift */,
				E6DDF1FC25786B220062B564 /* Info.plist */,
			);
			path = "Project productivityTests";
			sourceTree = "<group>";
		};
		E6DDF20425786B220062B564 /* Project productivityUITests */ = {
			isa = PBXGroup;
			children = (
				E6DDF20525786B220062B564 /* Project_productivityUITests.swift */,
				E6DDF20725786B220062B564 /* Info.plist */,
			);
			path = "Project productivityUITests";
			sourceTree = "<group>";
		};
		E6DDF22325788FE40062B564 /* Views */ = {
			isa = PBXGroup;
			children = (
				E6DDF21625788F370062B564 /* TaskView.swift */,
				E6DDF21E25788FBF0062B564 /* MakeTaskView.swift */,
				E6DDF1EA25786B210062B564 /* ContentView.swift */,
				E682D720257CE337008A69D2 /* EditTaskView.swift */,
			);
			path = Views;
			sourceTree = "<group>";
		};
		E6DDF2242578905A0062B564 /* Model */ = {
			isa = PBXGroup;
			children = (
				E6DDF22B257895570062B564 /* Task.swift */,
			);
			path = Model;
			sourceTree = "<group>";
		};
/* End PBXGroup section */

/* Begin PBXNativeTarget section */
		E6DDF1E425786B210062B564 /* Project productivity */ = {
			isa = PBXNativeTarget;
			buildConfigurationList = E6DDF20A25786B220062B564 /* Build configuration list for PBXNativeTarget "Project productivity" */;
			buildPhases = (
				E6DDF1E125786B210062B564 /* Sources */,
				E6DDF1E225786B210062B564 /* Frameworks */,
				E6DDF1E325786B210062B564 /* Resources */,
			);
			buildRules = (
			);
			dependencies = (
			);
			name = "Project productivity";
			productName = "Project productivity";
			productReference = E6DDF1E525786B210062B564 /* Project productivity.app */;
			productType = "com.apple.product-type.application";
		};
		E6DDF1F525786B220062B564 /* Project productivityTests */ = {
			isa = PBXNativeTarget;
			buildConfigurationList = E6DDF20D25786B220062B564 /* Build configuration list for PBXNativeTarget "Project productivityTests" */;
			buildPhases = (
				E6DDF1F225786B220062B564 /* Sources */,
				E6DDF1F325786B220062B564 /* Frameworks */,
				E6DDF1F425786B220062B564 /* Resources */,
			);
			buildRules = (
			);
			dependencies = (
				E6DDF1F825786B220062B564 /* PBXTargetDependency */,
			);
			name = "Project productivityTests";
			productName = "Project productivityTests";
			productReference = E6DDF1F625786B220062B564 /* Project productivityTests.xctest */;
			productType = "com.apple.product-type.bundle.unit-test";
		};
		E6DDF20025786B220062B564 /* Project productivityUITests */ = {
			isa = PBXNativeTarget;
			buildConfigurationList = E6DDF21025786B220062B564 /* Build configuration list for PBXNativeTarget "Project productivityUITests" */;
			buildPhases = (
				E6DDF1FD25786B220062B564 /* Sources */,
				E6DDF1FE25786B220062B564 /* Frameworks */,
				E6DDF1FF25786B220062B564 /* Resources */,
			);
			buildRules = (
			);
			dependencies = (
				E6DDF20325786B220062B564 /* PBXTargetDependency */,
			);
			name = "Project productivityUITests";
			productName = "Project productivityUITests";
			productReference = E6DDF20125786B220062B564 /* Project productivityUITests.xctest */;
			productType = "com.apple.product-type.bundle.ui-testing";
		};
/* End PBXNativeTarget section */

/* Begin PBXProject section */
		E6DDF1DD25786B210062B564 /* Project object */ = {
			isa = PBXProject;
			attributes = {
				LastSwiftUpdateCheck = 1220;
				LastUpgradeCheck = 1220;
				TargetAttributes = {
					E6DDF1E425786B210062B564 = {
						CreatedOnToolsVersion = 12.2;
					};
					E6DDF1F525786B220062B564 = {
						CreatedOnToolsVersion = 12.2;
						TestTargetID = E6DDF1E425786B210062B564;
					};
					E6DDF20025786B220062B564 = {
						CreatedOnToolsVersion = 12.2;
						TestTargetID = E6DDF1E425786B210062B564;
					};
				};
			};
			buildConfigurationList = E6DDF1E025786B210062B564 /* Build configuration list for PBXProject "Project productivity" */;
			compatibilityVersion = "Xcode 9.3";
			developmentRegion = en;
			hasScannedForEncodings = 0;
			knownRegions = (
				en,
				Base,
			);
			mainGroup = E6DDF1DC25786B210062B564;
			productRefGroup = E6DDF1E625786B210062B564 /* Products */;
			projectDirPath = "";
			projectRoot = "";
			targets = (
				E6DDF1E425786B210062B564 /* Project productivity */,
				E6DDF1F525786B220062B564 /* Project productivityTests */,
				E6DDF20025786B220062B564 /* Project productivityUITests */,
			);
		};
/* End PBXProject section */

/* Begin PBXResourcesBuildPhase section */
		E6DDF1E325786B210062B564 /* Resources */ = {
			isa = PBXResourcesBuildPhase;
			buildActionMask = 2147483647;
			files = (
				E6DDF1F025786B220062B564 /* Preview Assets.xcassets in Resources */,
				E6DDF1ED25786B220062B564 /* Assets.xcassets in Resources */,
			);
			runOnlyForDeploymentPostprocessing = 0;
		};
		E6DDF1F425786B220062B564 /* Resources */ = {
			isa = PBXResourcesBuildPhase;
			buildActionMask = 2147483647;
			files = (
			);
			runOnlyForDeploymentPostprocessing = 0;
		};
		E6DDF1FF25786B220062B564 /* Resources */ = {
			isa = PBXResourcesBuildPhase;
			buildActionMask = 2147483647;
			files = (
			);
			runOnlyForDeploymentPostprocessing = 0;
		};
/* End PBXResourcesBuildPhase section */

/* Begin PBXSourcesBuildPhase section */
		E6DDF1E125786B210062B564 /* Sources */ = {
			isa = PBXSourcesBuildPhase;
			buildActionMask = 2147483647;
			files = (
				E6DDF21725788F370062B564 /* TaskView.swift in Sources */,
				E6DDF21F25788FBF0062B564 /* MakeTaskView.swift in Sources */,
				E6DDF22C257895570062B564 /* Task.swift in Sources */,
				E682D721257CE337008A69D2 /* EditTaskView.swift in Sources */,
				E6DDF1EB25786B210062B564 /* ContentView.swift in Sources */,
				E6DDF1E925786B210062B564 /* Project_productivityApp.swift in Sources */,
			);
			runOnlyForDeploymentPostprocessing = 0;
		};
		E6DDF1F225786B220062B564 /* Sources */ = {
			isa = PBXSourcesBuildPhase;
			buildActionMask = 2147483647;
			files = (
				E6DDF1FB25786B220062B564 /* Project_productivityTests.swift in Sources */,
			);
			runOnlyForDeploymentPostprocessing = 0;
		};
		E6DDF1FD25786B220062B564 /* Sources */ = {
			isa = PBXSourcesBuildPhase;
			buildActionMask = 2147483647;
			files = (
				E6DDF20625786B220062B564 /* Project_productivityUITests.swift in Sources */,
			);
			runOnlyForDeploymentPostprocessing = 0;
		};
/* End PBXSourcesBuildPhase section */

/* Begin PBXTargetDependency section */
		E6DDF1F825786B220062B564 /* PBXTargetDependency */ = {
			isa = PBXTargetDependency;
			target = E6DDF1E425786B210062B564 /* Project productivity */;
			targetProxy = E6DDF1F725786B220062B564 /* PBXContainerItemProxy */;
		};
		E6DDF20325786B220062B564 /* PBXTargetDependency */ = {
			isa = PBXTargetDependency;
			target = E6DDF1E425786B210062B564 /* Project productivity */;
			targetProxy = E6DDF20225786B220062B564 /* PBXContainerItemProxy */;
		};
/* End PBXTargetDependency section */

/* Begin XCBuildConfiguration section */
		E6DDF20825786B220062B564 /* Debug */ = {
			isa = XCBuildConfiguration;
			buildSettings = {
				ALWAYS_SEARCH_USER_PATHS = NO;
				CLANG_ANALYZER_NONNULL = YES;
				CLANG_ANALYZER_NUMBER_OBJECT_CONVERSION = YES_AGGRESSIVE;
				CLANG_CXX_LANGUAGE_STANDARD = "gnu++14";
				CLANG_CXX_LIBRARY = "libc++";
				CLANG_ENABLE_MODULES = YES;
				CLANG_ENABLE_OBJC_ARC = YES;
				CLANG_ENABLE_OBJC_WEAK = YES;
				CLANG_WARN_BLOCK_CAPTURE_AUTORELEASING = YES;
				CLANG_WARN_BOOL_CONVERSION = YES;
				CLANG_WARN_COMMA = YES;
				CLANG_WARN_CONSTANT_CONVERSION = YES;
				CLANG_WARN_DEPRECATED_OBJC_IMPLEMENTATIONS = YES;
				CLANG_WARN_DIRECT_OBJC_ISA_USAGE = YES_ERROR;
				CLANG_WARN_DOCUMENTATION_COMMENTS = YES;
				CLANG_WARN_EMPTY_BODY = YES;
				CLANG_WARN_ENUM_CONVERSION = YES;
				CLANG_WARN_INFINITE_RECURSION = YES;
				CLANG_WARN_INT_CONVERSION = YES;
				CLANG_WARN_NON_LITERAL_NULL_CONVERSION = YES;
				CLANG_WARN_OBJC_IMPLICIT_RETAIN_SELF = YES;
				CLANG_WARN_OBJC_LITERAL_CONVERSION = YES;
				CLANG_WARN_OBJC_ROOT_CLASS = YES_ERROR;
				CLANG_WARN_QUOTED_INCLUDE_IN_FRAMEWORK_HEADER = YES;
				CLANG_WARN_RANGE_LOOP_ANALYSIS = YES;
				CLANG_WARN_STRICT_PROTOTYPES = YES;
				CLANG_WARN_SUSPICIOUS_MOVE = YES;
				CLANG_WARN_UNGUARDED_AVAILABILITY = YES_AGGRESSIVE;
				CLANG_WARN_UNREACHABLE_CODE = YES;
				CLANG_WARN__DUPLICATE_METHOD_MATCH = YES;
				COPY_PHASE_STRIP = NO;
				DEBUG_INFORMATION_FORMAT = dwarf;
				ENABLE_STRICT_OBJC_MSGSEND = YES;
				ENABLE_TESTABILITY = YES;
				GCC_C_LANGUAGE_STANDARD = gnu11;
				GCC_DYNAMIC_NO_PIC = NO;
				GCC_NO_COMMON_BLOCKS = YES;
				GCC_OPTIMIZATION_LEVEL = 0;
				GCC_PREPROCESSOR_DEFINITIONS = (
					"DEBUG=1",
					"$(inherited)",
				);
				GCC_WARN_64_TO_32_BIT_CONVERSION = YES;
				GCC_WARN_ABOUT_RETURN_TYPE = YES_ERROR;
				GCC_WARN_UNDECLARED_SELECTOR = YES;
				GCC_WARN_UNINITIALIZED_AUTOS = YES_AGGRESSIVE;
				GCC_WARN_UNUSED_FUNCTION = YES;
				GCC_WARN_UNUSED_VARIABLE = YES;
				IPHONEOS_DEPLOYMENT_TARGET = 14.2;
				MTL_ENABLE_DEBUG_INFO = INCLUDE_SOURCE;
				MTL_FAST_MATH = YES;
				ONLY_ACTIVE_ARCH = YES;
				SDKROOT = iphoneos;
				SWIFT_ACTIVE_COMPILATION_CONDITIONS = DEBUG;
				SWIFT_OPTIMIZATION_LEVEL = "-Onone";
			};
			name = Debug;
		};
		E6DDF20925786B220062B564 /* Release */ = {
			isa = XCBuildConfiguration;
			buildSettings = {
				ALWAYS_SEARCH_USER_PATHS = NO;
				CLANG_ANALYZER_NONNULL = YES;
				CLANG_ANALYZER_NUMBER_OBJECT_CONVERSION = YES_AGGRESSIVE;
				CLANG_CXX_LANGUAGE_STANDARD = "gnu++14";
				CLANG_CXX_LIBRARY = "libc++";
				CLANG_ENABLE_MODULES = YES;
				CLANG_ENABLE_OBJC_ARC = YES;
				CLANG_ENABLE_OBJC_WEAK = YES;
				CLANG_WARN_BLOCK_CAPTURE_AUTORELEASING = YES;
				CLANG_WARN_BOOL_CONVERSION = YES;
				CLANG_WARN_COMMA = YES;
				CLANG_WARN_CONSTANT_CONVERSION = YES;
				CLANG_WARN_DEPRECATED_OBJC_IMPLEMENTATIONS = YES;
				CLANG_WARN_DIRECT_OBJC_ISA_USAGE = YES_ERROR;
				CLANG_WARN_DOCUMENTATION_COMMENTS = YES;
				CLANG_WARN_EMPTY_BODY = YES;
				CLANG_WARN_ENUM_CONVERSION = YES;
				CLANG_WARN_INFINITE_RECURSION = YES;
				CLANG_WARN_INT_CONVERSION = YES;
				CLANG_WARN_NON_LITERAL_NULL_CONVERSION = YES;
				CLANG_WARN_OBJC_IMPLICIT_RETAIN_SELF = YES;
				CLANG_WARN_OBJC_LITERAL_CONVERSION = YES;
				CLANG_WARN_OBJC_ROOT_CLASS = YES_ERROR;
				CLANG_WARN_QUOTED_INCLUDE_IN_FRAMEWORK_HEADER = YES;
				CLANG_WARN_RANGE_LOOP_ANALYSIS = YES;
				CLANG_WARN_STRICT_PROTOTYPES = YES;
				CLANG_WARN_SUSPICIOUS_MOVE = YES;
				CLANG_WARN_UNGUARDED_AVAILABILITY = YES_AGGRESSIVE;
				CLANG_WARN_UNREACHABLE_CODE = YES;
				CLANG_WARN__DUPLICATE_METHOD_MATCH = YES;
				COPY_PHASE_STRIP = NO;
				DEBUG_INFORMATION_FORMAT = "dwarf-with-dsym";
				ENABLE_NS_ASSERTIONS = NO;
				ENABLE_STRICT_OBJC_MSGSEND = YES;
				GCC_C_LANGUAGE_STANDARD = gnu11;
				GCC_NO_COMMON_BLOCKS = YES;
				GCC_WARN_64_TO_32_BIT_CONVERSION = YES;
				GCC_WARN_ABOUT_RETURN_TYPE = YES_ERROR;
				GCC_WARN_UNDECLARED_SELECTOR = YES;
				GCC_WARN_UNINITIALIZED_AUTOS = YES_AGGRESSIVE;
				GCC_WARN_UNUSED_FUNCTION = YES;
				GCC_WARN_UNUSED_VARIABLE = YES;
				IPHONEOS_DEPLOYMENT_TARGET = 14.2;
				MTL_ENABLE_DEBUG_INFO = NO;
				MTL_FAST_MATH = YES;
				SDKROOT = iphoneos;
				SWIFT_COMPILATION_MODE = wholemodule;
				SWIFT_OPTIMIZATION_LEVEL = "-O";
				VALIDATE_PRODUCT = YES;
			};
			name = Release;
		};
		E6DDF20B25786B220062B564 /* Debug */ = {
			isa = XCBuildConfiguration;
			buildSettings = {
				ASSETCATALOG_COMPILER_APPICON_NAME = AppIcon;
				ASSETCATALOG_COMPILER_GLOBAL_ACCENT_COLOR_NAME = AccentColor;
				CODE_SIGN_STYLE = Automatic;
				DEVELOPMENT_ASSET_PATHS = "\"Project productivity/Preview Content\"";
				ENABLE_PREVIEWS = YES;
				INFOPLIST_FILE = "Project productivity/Info.plist";
				IPHONEOS_DEPLOYMENT_TARGET = 14.0;
				LD_RUNPATH_SEARCH_PATHS = (
					"$(inherited)",
					"@executable_path/Frameworks",
				);
				PRODUCT_BUNDLE_IDENTIFIER = "ryantan.Project-productivity";
				PRODUCT_NAME = "$(TARGET_NAME)";
				SWIFT_VERSION = 5.0;
				TARGETED_DEVICE_FAMILY = "1,2";
			};
			name = Debug;
		};
		E6DDF20C25786B220062B564 /* Release */ = {
			isa = XCBuildConfiguration;
			buildSettings = {
				ASSETCATALOG_COMPILER_APPICON_NAME = AppIcon;
				ASSETCATALOG_COMPILER_GLOBAL_ACCENT_COLOR_NAME = AccentColor;
				CODE_SIGN_STYLE = Automatic;
				DEVELOPMENT_ASSET_PATHS = "\"Project productivity/Preview Content\"";
				ENABLE_PREVIEWS = YES;
				INFOPLIST_FILE = "Project productivity/Info.plist";
				IPHONEOS_DEPLOYMENT_TARGET = 14.0;
				LD_RUNPATH_SEARCH_PATHS = (
					"$(inherited)",
					"@executable_path/Frameworks",
				);
				PRODUCT_BUNDLE_IDENTIFIER = "ryantan.Project-productivity";
				PRODUCT_NAME = "$(TARGET_NAME)";
				SWIFT_VERSION = 5.0;
				TARGETED_DEVICE_FAMILY = "1,2";
			};
			name = Release;
		};
		E6DDF20E25786B220062B564 /* Debug */ = {
			isa = XCBuildConfiguration;
			buildSettings = {
				ALWAYS_EMBED_SWIFT_STANDARD_LIBRARIES = YES;
				BUNDLE_LOADER = "$(TEST_HOST)";
				CODE_SIGN_STYLE = Automatic;
				INFOPLIST_FILE = "Project productivityTests/Info.plist";
				IPHONEOS_DEPLOYMENT_TARGET = 14.0;
				LD_RUNPATH_SEARCH_PATHS = (
					"$(inherited)",
					"@executable_path/Frameworks",
					"@loader_path/Frameworks",
				);
				PRODUCT_BUNDLE_IDENTIFIER = "ryantan.Project-productivityTests";
				PRODUCT_NAME = "$(TARGET_NAME)";
				SWIFT_VERSION = 5.0;
				TARGETED_DEVICE_FAMILY = "1,2";
				TEST_HOST = "$(BUILT_PRODUCTS_DIR)/Project productivity.app/Project productivity";
			};
			name = Debug;
		};
		E6DDF20F25786B220062B564 /* Release */ = {
			isa = XCBuildConfiguration;
			buildSettings = {
				ALWAYS_EMBED_SWIFT_STANDARD_LIBRARIES = YES;
				BUNDLE_LOADER = "$(TEST_HOST)";
				CODE_SIGN_STYLE = Automatic;
				INFOPLIST_FILE = "Project productivityTests/Info.plist";
				IPHONEOS_DEPLOYMENT_TARGET = 14.0;
				LD_RUNPATH_SEARCH_PATHS = (
					"$(inherited)",
					"@executable_path/Frameworks",
					"@loader_path/Frameworks",
				);
				PRODUCT_BUNDLE_IDENTIFIER = "ryantan.Project-productivityTests";
				PRODUCT_NAME = "$(TARGET_NAME)";
				SWIFT_VERSION = 5.0;
				TARGETED_DEVICE_FAMILY = "1,2";
				TEST_HOST = "$(BUILT_PRODUCTS_DIR)/Project productivity.app/Project productivity";
			};
			name = Release;
		};
		E6DDF21125786B220062B564 /* Debug */ = {
			isa = XCBuildConfiguration;
			buildSettings = {
				ALWAYS_EMBED_SWIFT_STANDARD_LIBRARIES = YES;
				CODE_SIGN_STYLE = Automatic;
				INFOPLIST_FILE = "Project productivityUITests/Info.plist";
				LD_RUNPATH_SEARCH_PATHS = (
					"$(inherited)",
					"@executable_path/Frameworks",
					"@loader_path/Frameworks",
				);
				PRODUCT_BUNDLE_IDENTIFIER = "ryantan.Project-productivityUITests";
				PRODUCT_NAME = "$(TARGET_NAME)";
				SWIFT_VERSION = 5.0;
				TARGETED_DEVICE_FAMILY = "1,2";
				TEST_TARGET_NAME = "Project productivity";
			};
			name = Debug;
		};
		E6DDF21225786B220062B564 /* Release */ = {
			isa = XCBuildConfiguration;
			buildSettings = {
				ALWAYS_EMBED_SWIFT_STANDARD_LIBRARIES = YES;
				CODE_SIGN_STYLE = Automatic;
				INFOPLIST_FILE = "Project productivityUITests/Info.plist";
				LD_RUNPATH_SEARCH_PATHS = (
					"$(inherited)",
					"@executable_path/Frameworks",
					"@loader_path/Frameworks",
				);
				PRODUCT_BUNDLE_IDENTIFIER = "ryantan.Project-productivityUITests";
				PRODUCT_NAME = "$(TARGET_NAME)";
				SWIFT_VERSION = 5.0;
				TARGETED_DEVICE_FAMILY = "1,2";
				TEST_TARGET_NAME = "Project productivity";
			};
			name = Release;
		};
/* End XCBuildConfiguration section */

/* Begin XCConfigurationList section */
		E6DDF1E025786B210062B564 /* Build configuration list for PBXProject "Project productivity" */ = {
			isa = XCConfigurationList;
			buildConfigurations = (
				E6DDF20825786B220062B564 /* Debug */,
				E6DDF20925786B220062B564 /* Release */,
			);
			defaultConfigurationIsVisible = 0;
			defaultConfigurationName = Release;
		};
		E6DDF20A25786B220062B564 /* Build configuration list for PBXNativeTarget "Project productivity" */ = {
			isa = XCConfigurationList;
			buildConfigurations = (
				E6DDF20B25786B220062B564 /* Debug */,
				E6DDF20C25786B220062B564 /* Release */,
			);
			defaultConfigurationIsVisible = 0;
			defaultConfigurationName = Release;
		};
		E6DDF20D25786B220062B564 /* Build configuration list for PBXNativeTarget "Project productivityTests" */ = {
			isa = XCConfigurationList;
			buildConfigurations = (
				E6DDF20E25786B220062B564 /* Debug */,
				E6DDF20F25786B220062B564 /* Release */,
			);
			defaultConfigurationIsVisible = 0;
			defaultConfigurationName = Release;
		};
		E6DDF21025786B220062B564 /* Build configuration list for PBXNativeTarget "Project productivityUITests" */ = {
			isa = XCConfigurationList;
			buildConfigurations = (
				E6DDF21125786B220062B564 /* Debug */,
				E6DDF21225786B220062B564 /* Release */,
			);
			defaultConfigurationIsVisible = 0;
			defaultConfigurationName = Release;
		};
/* End XCConfigurationList section */
	};
	rootObject = E6DDF1DD25786B210062B564 /* Project object */;
}
